
Microsoft Visual Studio Solution File, Format Version 12.00
# Visual Studio Version 17
VisualStudioVersion = 17.14.36429.23
MinimumVisualStudioVersion = 10.0.40219.1
Project("{FAE04EC0-301F-11D3-BF4B-00C04F79EFBC}") = "DXMenu", "DXMenu\DXMenu.csproj", "{144670CB-6396-488C-A76D-2E03A3B69E78}"
EndProject
Project("{FAE04EC0-301F-11D3-BF4B-00C04F79EFBC}") = "DXNavigation", "DXNavigation\DXNavigation.csproj", "{02453770-4FB2-4542-8D94-DE12033EB98B}"
EndProject
Global
	GlobalSection(SolutionConfigurationPlatforms) = preSolution
		Debug|Any CPU = Debug|Any CPU
		Release|Any CPU = Release|Any CPU
	EndGlobalSection
	GlobalSection(ProjectConfigurationPlatforms) = postSolution
		{144670CB-6396-488C-A76D-2E03A3B69E78}.Debug|Any CPU.ActiveCfg = Debug|Any CPU
		{144670CB-6396-488C-A76D-2E03A3B69E78}.Debug|Any CPU.Build.0 = Debug|Any CPU
		{144670CB-6396-488C-A76D-2E03A3B69E78}.Release|Any CPU.ActiveCfg = Release|Any CPU
		{144670CB-6396-488C-A76D-2E03A3B69E78}.Release|Any CPU.Build.0 = Release|Any CPU
		{02453770-4FB2-4542-8D94-DE12033EB98B}.Debug|Any CPU.ActiveCfg = Debug|Any CPU
		{02453770-4FB2-4542-8D94-DE12033EB98B}.Debug|Any CPU.Build.0 = Debug|Any CPU
		{02453770-4FB2-4542-8D94-DE12033EB98B}.Release|Any CPU.ActiveCfg = Release|Any CPU
		{02453770-4FB2-4542-8D94-DE12033EB98B}.Release|Any CPU.Build.0 = Release|Any CPU
	EndGlobalSection
	GlobalSection(SolutionProperties) = preSolution
		HideSolutionNode = FALSE
	EndGlobalSection
	GlobalSection(ExtensibilityGlobals) = postSolution
		SolutionGuid = {0B72EF76-7F3F-47CE-8155-CDF6A259DE30}
	EndGlobalSection
EndGlobal
